// !$*UTF8*$!
{
	archiveVersion = 1;
	classes = {
	};
	objectVersion = 56;
	objects = {

/* Begin PBXBuildFile section */
		BD670C1B2B0FC48F007841A0 /* ExamenCOVIDApp.swift in Sources */ = {isa = PBXBuildFile; fileRef = BD670C1A2B0FC48F007841A0 /* ExamenCOVIDApp.swift */; };
		BD670C1D2B0FC48F007841A0 /* ContentView.swift in Sources */ = {isa = PBXBuildFile; fileRef = BD670C1C2B0FC48F007841A0 /* ContentView.swift */; };
		BD670C1F2B0FC493007841A0 /* Assets.xcassets in Resources */ = {isa = PBXBuildFile; fileRef = BD670C1E2B0FC493007841A0 /* Assets.xcassets */; };
		BD670C222B0FC493007841A0 /* Preview Assets.xcassets in Resources */ = {isa = PBXBuildFile; fileRef = BD670C212B0FC493007841A0 /* Preview Assets.xcassets */; };
		BD670C2C2B0FC494007841A0 /* ExamenCOVIDTests.swift in Sources */ = {isa = PBXBuildFile; fileRef = BD670C2B2B0FC494007841A0 /* ExamenCOVIDTests.swift */; };
		BD670C362B0FC494007841A0 /* ExamenCOVIDUITests.swift in Sources */ = {isa = PBXBuildFile; fileRef = BD670C352B0FC494007841A0 /* ExamenCOVIDUITests.swift */; };
		BD670C382B0FC494007841A0 /* ExamenCOVIDUITestsLaunchTests.swift in Sources */ = {isa = PBXBuildFile; fileRef = BD670C372B0FC494007841A0 /* ExamenCOVIDUITestsLaunchTests.swift */; };
/* End PBXBuildFile section */

/* Begin PBXContainerItemProxy section */
		BD670C282B0FC494007841A0 /* PBXContainerItemProxy */ = {
			isa = PBXContainerItemProxy;
			containerPortal = BD670C0F2B0FC48E007841A0 /* Project object */;
			proxyType = 1;
			remoteGlobalIDString = BD670C162B0FC48F007841A0;
			remoteInfo = ExamenCOVID;
		};
		BD670C322B0FC494007841A0 /* PBXContainerItemProxy */ = {
			isa = PBXContainerItemProxy;
			containerPortal = BD670C0F2B0FC48E007841A0 /* Project object */;
			proxyType = 1;
			remoteGlobalIDString = BD670C162B0FC48F007841A0;
			remoteInfo = ExamenCOVID;
		};
/* End PBXContainerItemProxy section */

/* Begin PBXFileReference section */
		BD670C172B0FC48F007841A0 /* ExamenCOVID.app */ = {isa = PBXFileReference; explicitFileType = wrapper.application; includeInIndex = 0; path = ExamenCOVID.app; sourceTree = BUILT_PRODUCTS_DIR; };
		BD670C1A2B0FC48F007841A0 /* ExamenCOVIDApp.swift */ = {isa = PBXFileReference; lastKnownFileType = sourcecode.swift; path = ExamenCOVIDApp.swift; sourceTree = "<group>"; };
		BD670C1C2B0FC48F007841A0 /* ContentView.swift */ = {isa = PBXFileReference; lastKnownFileType = sourcecode.swift; path = ContentView.swift; sourceTree = "<group>"; };
		BD670C1E2B0FC493007841A0 /* Assets.xcassets */ = {isa = PBXFileReference; lastKnownFileType = folder.assetcatalog; path = Assets.xcassets; sourceTree = "<group>"; };
		BD670C212B0FC493007841A0 /* Preview Assets.xcassets */ = {isa = PBXFileReference; lastKnownFileType = folder.assetcatalog; path = "Preview Assets.xcassets"; sourceTree = "<group>"; };
		BD670C272B0FC494007841A0 /* ExamenCOVIDTests.xctest */ = {isa = PBXFileReference; explicitFileType = wrapper.cfbundle; includeInIndex = 0; path = ExamenCOVIDTests.xctest; sourceTree = BUILT_PRODUCTS_DIR; };
		BD670C2B2B0FC494007841A0 /* ExamenCOVIDTests.swift */ = {isa = PBXFileReference; lastKnownFileType = sourcecode.swift; path = ExamenCOVIDTests.swift; sourceTree = "<group>"; };
		BD670C312B0FC494007841A0 /* ExamenCOVIDUITests.xctest */ = {isa = PBXFileReference; explicitFileType = wrapper.cfbundle; includeInIndex = 0; path = ExamenCOVIDUITests.xctest; sourceTree = BUILT_PRODUCTS_DIR; };
		BD670C352B0FC494007841A0 /* ExamenCOVIDUITests.swift */ = {isa = PBXFileReference; lastKnownFileType = sourcecode.swift; path = ExamenCOVIDUITests.swift; sourceTree = "<group>"; };
		BD670C372B0FC494007841A0 /* ExamenCOVIDUITestsLaunchTests.swift */ = {isa = PBXFileReference; lastKnownFileType = sourcecode.swift; path = ExamenCOVIDUITestsLaunchTests.swift; sourceTree = "<group>"; };
/* End PBXFileReference section */

/* Begin PBXFrameworksBuildPhase section */
		BD670C142B0FC48F007841A0 /* Frameworks */ = {
			isa = PBXFrameworksBuildPhase;
			buildActionMask = 2147483647;
			files = (
			);
			runOnlyForDeploymentPostprocessing = 0;
		};
		BD670C242B0FC494007841A0 /* Frameworks */ = {
			isa = PBXFrameworksBuildPhase;
			buildActionMask = 2147483647;
			files = (
			);
			runOnlyForDeploymentPostprocessing = 0;
		};
		BD670C2E2B0FC494007841A0 /* Frameworks */ = {
			isa = PBXFrameworksBuildPhase;
			buildActionMask = 2147483647;
			files = (
			);
			runOnlyForDeploymentPostprocessing = 0;
		};
/* End PBXFrameworksBuildPhase section */

/* Begin PBXGroup section */
		BD670C0E2B0FC48E007841A0 = {
			isa = PBXGroup;
			children = (
				BD670C192B0FC48F007841A0 /* ExamenCOVID */,
				BD670C2A2B0FC494007841A0 /* ExamenCOVIDTests */,
				BD670C342B0FC494007841A0 /* ExamenCOVIDUITests */,
				BD670C182B0FC48F007841A0 /* Products */,
			);
			sourceTree = "<group>";
		};
		BD670C182B0FC48F007841A0 /* Products */ = {
			isa = PBXGroup;
			children = (
				BD670C172B0FC48F007841A0 /* ExamenCOVID.app */,
				BD670C272B0FC494007841A0 /* ExamenCOVIDTests.xctest */,
				BD670C312B0FC494007841A0 /* ExamenCOVIDUITests.xctest */,
			);
			name = Products;
			sourceTree = "<group>";
		};
		BD670C192B0FC48F007841A0 /* ExamenCOVID */ = {
			isa = PBXGroup;
			children = (
				BD670C1A2B0FC48F007841A0 /* ExamenCOVIDApp.swift */,
				BD670C1C2B0FC48F007841A0 /* ContentView.swift */,
				BD670C1E2B0FC493007841A0 /* Assets.xcassets */,
				BD670C202B0FC493007841A0 /* Preview Content */,
			);
			path = ExamenCOVID;
			sourceTree = "<group>";
		};
		BD670C202B0FC493007841A0 /* Preview Content */ = {
			isa = PBXGroup;
			children = (
				BD670C212B0FC493007841A0 /* Preview Assets.xcassets */,
			);
			path = "Preview Content";
			sourceTree = "<group>";
		};
		BD670C2A2B0FC494007841A0 /* ExamenCOVIDTests */ = {
			isa = PBXGroup;
			children = (
				BD670C2B2B0FC494007841A0 /* ExamenCOVIDTests.swift */,
			);
			path = ExamenCOVIDTests;
			sourceTree = "<group>";
		};
		BD670C342B0FC494007841A0 /* ExamenCOVIDUITests */ = {
			isa = PBXGroup;
			children = (
				BD670C352B0FC494007841A0 /* ExamenCOVIDUITests.swift */,
				BD670C372B0FC494007841A0 /* ExamenCOVIDUITestsLaunchTests.swift */,
			);
			path = ExamenCOVIDUITests;
			sourceTree = "<group>";
		};
/* End PBXGroup section */

/* Begin PBXNativeTarget section */
		BD670C162B0FC48F007841A0 /* ExamenCOVID */ = {
			isa = PBXNativeTarget;
			buildConfigurationList = BD670C3B2B0FC494007841A0 /* Build configuration list for PBXNativeTarget "ExamenCOVID" */;
			buildPhases = (
				BD670C132B0FC48F007841A0 /* Sources */,
				BD670C142B0FC48F007841A0 /* Frameworks */,
				BD670C152B0FC48F007841A0 /* Resources */,
			);
			buildRules = (
			);
			dependencies = (
			);
			name = ExamenCOVID;
			productName = ExamenCOVID;
			productReference = BD670C172B0FC48F007841A0 /* ExamenCOVID.app */;
			productType = "com.apple.product-type.application";
		};
		BD670C262B0FC494007841A0 /* ExamenCOVIDTests */ = {
			isa = PBXNativeTarget;
			buildConfigurationList = BD670C3E2B0FC494007841A0 /* Build configuration list for PBXNativeTarget "ExamenCOVIDTests" */;
			buildPhases = (
				BD670C232B0FC494007841A0 /* Sources */,
				BD670C242B0FC494007841A0 /* Frameworks */,
				BD670C252B0FC494007841A0 /* Resources */,
			);
			buildRules = (
			);
			dependencies = (
				BD670C292B0FC494007841A0 /* PBXTargetDependency */,
			);
			name = ExamenCOVIDTests;
			productName = ExamenCOVIDTests;
			productReference = BD670C272B0FC494007841A0 /* ExamenCOVIDTests.xctest */;
			productType = "com.apple.product-type.bundle.unit-test";
		};
		BD670C302B0FC494007841A0 /* ExamenCOVIDUITests */ = {
			isa = PBXNativeTarget;
			buildConfigurationList = BD670C412B0FC494007841A0 /* Build configuration list for PBXNativeTarget "ExamenCOVIDUITests" */;
			buildPhases = (
				BD670C2D2B0FC494007841A0 /* Sources */,
				BD670C2E2B0FC494007841A0 /* Frameworks */,
				BD670C2F2B0FC494007841A0 /* Resources */,
			);
			buildRules = (
			);
			dependencies = (
				BD670C332B0FC494007841A0 /* PBXTargetDependency */,
			);
			name = ExamenCOVIDUITests;
			productName = ExamenCOVIDUITests;
			productReference = BD670C312B0FC494007841A0 /* ExamenCOVIDUITests.xctest */;
			productType = "com.apple.product-type.bundle.ui-testing";
		};
/* End PBXNativeTarget section */

/* Begin PBXProject section */
		BD670C0F2B0FC48E007841A0 /* Project object */ = {
			isa = PBXProject;
			attributes = {
				BuildIndependentTargetsInParallel = 1;
				LastSwiftUpdateCheck = 1500;
				LastUpgradeCheck = 1500;
				TargetAttributes = {
					BD670C162B0FC48F007841A0 = {
						CreatedOnToolsVersion = 15.0;
					};
					BD670C262B0FC494007841A0 = {
						CreatedOnToolsVersion = 15.0;
						TestTargetID = BD670C162B0FC48F007841A0;
					};
					BD670C302B0FC494007841A0 = {
						CreatedOnToolsVersion = 15.0;
						TestTargetID = BD670C162B0FC48F007841A0;
					};
				};
			};
			buildConfigurationList = BD670C122B0FC48E007841A0 /* Build configuration list for PBXProject "ExamenCOVID" */;
			compatibilityVersion = "Xcode 14.0";
			developmentRegion = en;
			hasScannedForEncodings = 0;
			knownRegions = (
				en,
				Base,
			);
			mainGroup = BD670C0E2B0FC48E007841A0;
			productRefGroup = BD670C182B0FC48F007841A0 /* Products */;
			projectDirPath = "";
			projectRoot = "";
			targets = (
				BD670C162B0FC48F007841A0 /* ExamenCOVID */,
				BD670C262B0FC494007841A0 /* ExamenCOVIDTests */,
				BD670C302B0FC494007841A0 /* ExamenCOVIDUITests */,
			);
		};
/* End PBXProject section */

/* Begin PBXResourcesBuildPhase section */
		BD670C152B0FC48F007841A0 /* Resources */ = {
			isa = PBXResourcesBuildPhase;
			buildActionMask = 2147483647;
			files = (
				BD670C222B0FC493007841A0 /* Preview Assets.xcassets in Resources */,
				BD670C1F2B0FC493007841A0 /* Assets.xcassets in Resources */,
			);
			runOnlyForDeploymentPostprocessing = 0;
		};
		BD670C252B0FC494007841A0 /* Resources */ = {
			isa = PBXResourcesBuildPhase;
			buildActionMask = 2147483647;
			files = (
			);
			runOnlyForDeploymentPostprocessing = 0;
		};
		BD670C2F2B0FC494007841A0 /* Resources */ = {
			isa = PBXResourcesBuildPhase;
			buildActionMask = 2147483647;
			files = (
			);
			runOnlyForDeploymentPostprocessing = 0;
		};
/* End PBXResourcesBuildPhase section */

/* Begin PBXSourcesBuildPhase section */
		BD670C132B0FC48F007841A0 /* Sources */ = {
			isa = PBXSourcesBuildPhase;
			buildActionMask = 2147483647;
			files = (
				BD670C1D2B0FC48F007841A0 /* ContentView.swift in Sources */,
				BD670C1B2B0FC48F007841A0 /* ExamenCOVIDApp.swift in Sources */,
			);
			runOnlyForDeploymentPostprocessing = 0;
		};
		BD670C232B0FC494007841A0 /* Sources */ = {
			isa = PBXSourcesBuildPhase;
			buildActionMask = 2147483647;
			files = (
				BD670C2C2B0FC494007841A0 /* ExamenCOVIDTests.swift in Sources */,
			);
			runOnlyForDeploymentPostprocessing = 0;
		};
		BD670C2D2B0FC494007841A0 /* Sources */ = {
			isa = PBXSourcesBuildPhase;
			buildActionMask = 2147483647;
			files = (
				BD670C382B0FC494007841A0 /* ExamenCOVIDUITestsLaunchTests.swift in Sources */,
				BD670C362B0FC494007841A0 /* ExamenCOVIDUITests.swift in Sources */,
			);
			runOnlyForDeploymentPostprocessing = 0;
		};
/* End PBXSourcesBuildPhase section */

/* Begin PBXTargetDependency section */
		BD670C292B0FC494007841A0 /* PBXTargetDependency */ = {
			isa = PBXTargetDependency;
			target = BD670C162B0FC48F007841A0 /* ExamenCOVID */;
			targetProxy = BD670C282B0FC494007841A0 /* PBXContainerItemProxy */;
		};
		BD670C332B0FC494007841A0 /* PBXTargetDependency */ = {
			isa = PBXTargetDependency;
			target = BD670C162B0FC48F007841A0 /* ExamenCOVID */;
			targetProxy = BD670C322B0FC494007841A0 /* PBXContainerItemProxy */;
		};
/* End PBXTargetDependency section */

/* Begin XCBuildConfiguration section */
		BD670C392B0FC494007841A0 /* Debug */ = {
			isa = XCBuildConfiguration;
			buildSettings = {
				ALWAYS_SEARCH_USER_PATHS = NO;
				ASSETCATALOG_COMPILER_GENERATE_SWIFT_ASSET_SYMBOL_EXTENSIONS = YES;
				CLANG_ANALYZER_NONNULL = YES;
				CLANG_ANALYZER_NUMBER_OBJECT_CONVERSION = YES_AGGRESSIVE;
				CLANG_CXX_LANGUAGE_STANDARD = "gnu++20";
				CLANG_ENABLE_MODULES = YES;
				CLANG_ENABLE_OBJC_ARC = YES;
				CLANG_ENABLE_OBJC_WEAK = YES;
				CLANG_WARN_BLOCK_CAPTURE_AUTORELEASING = YES;
				CLANG_WARN_BOOL_CONVERSION = YES;
				CLANG_WARN_COMMA = YES;
				CLANG_WARN_CONSTANT_CONVERSION = YES;
				CLANG_WARN_DEPRECATED_OBJC_IMPLEMENTATIONS = YES;
				CLANG_WARN_DIRECT_OBJC_ISA_USAGE = YES_ERROR;
				CLANG_WARN_DOCUMENTATION_COMMENTS = YES;
				CLANG_WARN_EMPTY_BODY = YES;
				CLANG_WARN_ENUM_CONVERSION = YES;
				CLANG_WARN_INFINITE_RECURSION = YES;
				CLANG_WARN_INT_CONVERSION = YES;
				CLANG_WARN_NON_LITERAL_NULL_CONVERSION = YES;
				CLANG_WARN_OBJC_IMPLICIT_RETAIN_SELF = YES;
				CLANG_WARN_OBJC_LITERAL_CONVERSION = YES;
				CLANG_WARN_OBJC_ROOT_CLASS = YES_ERROR;
				CLANG_WARN_QUOTED_INCLUDE_IN_FRAMEWORK_HEADER = YES;
				CLANG_WARN_RANGE_LOOP_ANALYSIS = YES;
				CLANG_WARN_STRICT_PROTOTYPES = YES;
				CLANG_WARN_SUSPICIOUS_MOVE = YES;
				CLANG_WARN_UNGUARDED_AVAILABILITY = YES_AGGRESSIVE;
				CLANG_WARN_UNREACHABLE_CODE = YES;
				CLANG_WARN__DUPLICATE_METHOD_MATCH = YES;
				COPY_PHASE_STRIP = NO;
				DEBUG_INFORMATION_FORMAT = dwarf;
				ENABLE_STRICT_OBJC_MSGSEND = YES;
				ENABLE_TESTABILITY = YES;
				ENABLE_USER_SCRIPT_SANDBOXING = YES;
				GCC_C_LANGUAGE_STANDARD = gnu17;
				GCC_DYNAMIC_NO_PIC = NO;
				GCC_NO_COMMON_BLOCKS = YES;
				GCC_OPTIMIZATION_LEVEL = 0;
				GCC_PREPROCESSOR_DEFINITIONS = (
					"DEBUG=1",
					"$(inherited)",
				);
				GCC_WARN_64_TO_32_BIT_CONVERSION = YES;
				GCC_WARN_ABOUT_RETURN_TYPE = YES_ERROR;
				GCC_WARN_UNDECLARED_SELECTOR = YES;
				GCC_WARN_UNINITIALIZED_AUTOS = YES_AGGRESSIVE;
				GCC_WARN_UNUSED_FUNCTION = YES;
				GCC_WARN_UNUSED_VARIABLE = YES;
				IPHONEOS_DEPLOYMENT_TARGET = 17.0;
				LOCALIZATION_PREFERS_STRING_CATALOGS = YES;
				MTL_ENABLE_DEBUG_INFO = INCLUDE_SOURCE;
				MTL_FAST_MATH = YES;
				ONLY_ACTIVE_ARCH = YES;
				SDKROOT = iphoneos;
				SWIFT_ACTIVE_COMPILATION_CONDITIONS = "DEBUG $(inherited)";
				SWIFT_OPTIMIZATION_LEVEL = "-Onone";
			};
			name = Debug;
		};
		BD670C3A2B0FC494007841A0 /* Release */ = {
			isa = XCBuildConfiguration;
			buildSettings = {
				ALWAYS_SEARCH_USER_PATHS = NO;
				ASSETCATALOG_COMPILER_GENERATE_SWIFT_ASSET_SYMBOL_EXTENSIONS = YES;
				CLANG_ANALYZER_NONNULL = YES;
				CLANG_ANALYZER_NUMBER_OBJECT_CONVERSION = YES_AGGRESSIVE;
				CLANG_CXX_LANGUAGE_STANDARD = "gnu++20";
				CLANG_ENABLE_MODULES = YES;
				CLANG_ENABLE_OBJC_ARC = YES;
				CLANG_ENABLE_OBJC_WEAK = YES;
				CLANG_WARN_BLOCK_CAPTURE_AUTORELEASING = YES;
				CLANG_WARN_BOOL_CONVERSION = YES;
				CLANG_WARN_COMMA = YES;
				CLANG_WARN_CONSTANT_CONVERSION = YES;
				CLANG_WARN_DEPRECATED_OBJC_IMPLEMENTATIONS = YES;
				CLANG_WARN_DIRECT_OBJC_ISA_USAGE = YES_ERROR;
				CLANG_WARN_DOCUMENTATION_COMMENTS = YES;
				CLANG_WARN_EMPTY_BODY = YES;
				CLANG_WARN_ENUM_CONVERSION = YES;
				CLANG_WARN_INFINITE_RECURSION = YES;
				CLANG_WARN_INT_CONVERSION = YES;
				CLANG_WARN_NON_LITERAL_NULL_CONVERSION = YES;
				CLANG_WARN_OBJC_IMPLICIT_RETAIN_SELF = YES;
				CLANG_WARN_OBJC_LITERAL_CONVERSION = YES;
				CLANG_WARN_OBJC_ROOT_CLASS = YES_ERROR;
				CLANG_WARN_QUOTED_INCLUDE_IN_FRAMEWORK_HEADER = YES;
				CLANG_WARN_RANGE_LOOP_ANALYSIS = YES;
				CLANG_WARN_STRICT_PROTOTYPES = YES;
				CLANG_WARN_SUSPICIOUS_MOVE = YES;
				CLANG_WARN_UNGUARDED_AVAILABILITY = YES_AGGRESSIVE;
				CLANG_WARN_UNREACHABLE_CODE = YES;
				CLANG_WARN__DUPLICATE_METHOD_MATCH = YES;
				COPY_PHASE_STRIP = NO;
				DEBUG_INFORMATION_FORMAT = "dwarf-with-dsym";
				ENABLE_NS_ASSERTIONS = NO;
				ENABLE_STRICT_OBJC_MSGSEND = YES;
				ENABLE_USER_SCRIPT_SANDBOXING = YES;
				GCC_C_LANGUAGE_STANDARD = gnu17;
				GCC_NO_COMMON_BLOCKS = YES;
				GCC_WARN_64_TO_32_BIT_CONVERSION = YES;
				GCC_WARN_ABOUT_RETURN_TYPE = YES_ERROR;
				GCC_WARN_UNDECLARED_SELECTOR = YES;
				GCC_WARN_UNINITIALIZED_AUTOS = YES_AGGRESSIVE;
				GCC_WARN_UNUSED_FUNCTION = YES;
				GCC_WARN_UNUSED_VARIABLE = YES;
				IPHONEOS_DEPLOYMENT_TARGET = 17.0;
				LOCALIZATION_PREFERS_STRING_CATALOGS = YES;
				MTL_ENABLE_DEBUG_INFO = NO;
				MTL_FAST_MATH = YES;
				SDKROOT = iphoneos;
				SWIFT_COMPILATION_MODE = wholemodule;
				VALIDATE_PRODUCT = YES;
			};
			name = Release;
		};
		BD670C3C2B0FC494007841A0 /* Debug */ = {
			isa = XCBuildConfiguration;
			buildSettings = {
				ASSETCATALOG_COMPILER_APPICON_NAME = AppIcon;
				ASSETCATALOG_COMPILER_GLOBAL_ACCENT_COLOR_NAME = AccentColor;
				CODE_SIGN_STYLE = Automatic;
				CURRENT_PROJECT_VERSION = 1;
				DEVELOPMENT_ASSET_PATHS = "\"ExamenCOVID/Preview Content\"";
				DEVELOPMENT_TEAM = DYHS6ANDJD;
				ENABLE_PREVIEWS = YES;
				GENERATE_INFOPLIST_FILE = YES;
				INFOPLIST_KEY_UIApplicationSceneManifest_Generation = YES;
				INFOPLIST_KEY_UIApplicationSupportsIndirectInputEvents = YES;
				INFOPLIST_KEY_UILaunchScreen_Generation = YES;
				INFOPLIST_KEY_UISupportedInterfaceOrientations_iPad = "UIInterfaceOrientationPortrait UIInterfaceOrientationPortraitUpsideDown UIInterfaceOrientationLandscapeLeft UIInterfaceOrientationLandscapeRight";
				INFOPLIST_KEY_UISupportedInterfaceOrientations_iPhone = "UIInterfaceOrientationPortrait UIInterfaceOrientationLandscapeLeft UIInterfaceOrientationLandscapeRight";
				LD_RUNPATH_SEARCH_PATHS = (
					"$(inherited)",
					"@executable_path/Frameworks",
				);
				MARKETING_VERSION = 1.0;
				PRODUCT_BUNDLE_IDENTIFIER = covidmau.ExamenCOVID;
				PRODUCT_NAME = "$(TARGET_NAME)";
				SWIFT_EMIT_LOC_STRINGS = YES;
				SWIFT_VERSION = 5.0;
				TARGETED_DEVICE_FAMILY = "1,2";
			};
			name = Debug;
		};
		BD670C3D2B0FC494007841A0 /* Release */ = {
			isa = XCBuildConfiguration;
			buildSettings = {
				ASSETCATALOG_COMPILER_APPICON_NAME = AppIcon;
				ASSETCATALOG_COMPILER_GLOBAL_ACCENT_COLOR_NAME = AccentColor;
				CODE_SIGN_STYLE = Automatic;
				CURRENT_PROJECT_VERSION = 1;
				DEVELOPMENT_ASSET_PATHS = "\"ExamenCOVID/Preview Content\"";
				DEVELOPMENT_TEAM = DYHS6ANDJD;
				ENABLE_PREVIEWS = YES;
				GENERATE_INFOPLIST_FILE = YES;
				INFOPLIST_KEY_UIApplicationSceneManifest_Generation = YES;
				INFOPLIST_KEY_UIApplicationSupportsIndirectInputEvents = YES;
				INFOPLIST_KEY_UILaunchScreen_Generation = YES;
				INFOPLIST_KEY_UISupportedInterfaceOrientations_iPad = "UIInterfaceOrientationPortrait UIInterfaceOrientationPortraitUpsideDown UIInterfaceOrientationLandscapeLeft UIInterfaceOrientationLandscapeRight";
				INFOPLIST_KEY_UISupportedInterfaceOrientations_iPhone = "UIInterfaceOrientationPortrait UIInterfaceOrientationLandscapeLeft UIInterfaceOrientationLandscapeRight";
				LD_RUNPATH_SEARCH_PATHS = (
					"$(inherited)",
					"@executable_path/Frameworks",
				);
				MARKETING_VERSION = 1.0;
				PRODUCT_BUNDLE_IDENTIFIER = covidmau.ExamenCOVID;
				PRODUCT_NAME = "$(TARGET_NAME)";
				SWIFT_EMIT_LOC_STRINGS = YES;
				SWIFT_VERSION = 5.0;
				TARGETED_DEVICE_FAMILY = "1,2";
			};
			name = Release;
		};
		BD670C3F2B0FC494007841A0 /* Debug */ = {
			isa = XCBuildConfiguration;
			buildSettings = {
				ALWAYS_EMBED_SWIFT_STANDARD_LIBRARIES = YES;
				BUNDLE_LOADER = "$(TEST_HOST)";
				CODE_SIGN_STYLE = Automatic;
				CURRENT_PROJECT_VERSION = 1;
				DEVELOPMENT_TEAM = DYHS6ANDJD;
				GENERATE_INFOPLIST_FILE = YES;
				IPHONEOS_DEPLOYMENT_TARGET = 17.0;
				MARKETING_VERSION = 1.0;
				PRODUCT_BUNDLE_IDENTIFIER = covidmau.ExamenCOVIDTests;
				PRODUCT_NAME = "$(TARGET_NAME)";
				SWIFT_EMIT_LOC_STRINGS = NO;
				SWIFT_VERSION = 5.0;
				TARGETED_DEVICE_FAMILY = "1,2";
				TEST_HOST = "$(BUILT_PRODUCTS_DIR)/ExamenCOVID.app/$(BUNDLE_EXECUTABLE_FOLDER_PATH)/ExamenCOVID";
			};
			name = Debug;
		};
		BD670C402B0FC494007841A0 /* Release */ = {
			isa = XCBuildConfiguration;
			buildSettings = {
				ALWAYS_EMBED_SWIFT_STANDARD_LIBRARIES = YES;
				BUNDLE_LOADER = "$(TEST_HOST)";
				CODE_SIGN_STYLE = Automatic;
				CURRENT_PROJECT_VERSION = 1;
				DEVELOPMENT_TEAM = DYHS6ANDJD;
				GENERATE_INFOPLIST_FILE = YES;
				IPHONEOS_DEPLOYMENT_TARGET = 17.0;
				MARKETING_VERSION = 1.0;
				PRODUCT_BUNDLE_IDENTIFIER = covidmau.ExamenCOVIDTests;
				PRODUCT_NAME = "$(TARGET_NAME)";
				SWIFT_EMIT_LOC_STRINGS = NO;
				SWIFT_VERSION = 5.0;
				TARGETED_DEVICE_FAMILY = "1,2";
				TEST_HOST = "$(BUILT_PRODUCTS_DIR)/ExamenCOVID.app/$(BUNDLE_EXECUTABLE_FOLDER_PATH)/ExamenCOVID";
			};
			name = Release;
		};
		BD670C422B0FC494007841A0 /* Debug */ = {
			isa = XCBuildConfiguration;
			buildSettings = {
				ALWAYS_EMBED_SWIFT_STANDARD_LIBRARIES = YES;
				CODE_SIGN_STYLE = Automatic;
				CURRENT_PROJECT_VERSION = 1;
				DEVELOPMENT_TEAM = DYHS6ANDJD;
				GENERATE_INFOPLIST_FILE = YES;
				MARKETING_VERSION = 1.0;
				PRODUCT_BUNDLE_IDENTIFIER = covidmau.ExamenCOVIDUITests;
				PRODUCT_NAME = "$(TARGET_NAME)";
				SWIFT_EMIT_LOC_STRINGS = NO;
				SWIFT_VERSION = 5.0;
				TARGETED_DEVICE_FAMILY = "1,2";
				TEST_TARGET_NAME = ExamenCOVID;
			};
			name = Debug;
		};
		BD670C432B0FC494007841A0 /* Release */ = {
			isa = XCBuildConfiguration;
			buildSettings = {
				ALWAYS_EMBED_SWIFT_STANDARD_LIBRARIES = YES;
				CODE_SIGN_STYLE = Automatic;
				CURRENT_PROJECT_VERSION = 1;
				DEVELOPMENT_TEAM = DYHS6ANDJD;
				GENERATE_INFOPLIST_FILE = YES;
				MARKETING_VERSION = 1.0;
				PRODUCT_BUNDLE_IDENTIFIER = covidmau.ExamenCOVIDUITests;
				PRODUCT_NAME = "$(TARGET_NAME)";
				SWIFT_EMIT_LOC_STRINGS = NO;
				SWIFT_VERSION = 5.0;
				TARGETED_DEVICE_FAMILY = "1,2";
				TEST_TARGET_NAME = ExamenCOVID;
			};
			name = Release;
		};
/* End XCBuildConfiguration section */

/* Begin XCConfigurationList section */
		BD670C122B0FC48E007841A0 /* Build configuration list for PBXProject "ExamenCOVID" */ = {
			isa = XCConfigurationList;
			buildConfigurations = (
				BD670C392B0FC494007841A0 /* Debug */,
				BD670C3A2B0FC494007841A0 /* Release */,
			);
			defaultConfigurationIsVisible = 0;
			defaultConfigurationName = Release;
		};
		BD670C3B2B0FC494007841A0 /* Build configuration list for PBXNativeTarget "ExamenCOVID" */ = {
			isa = XCConfigurationList;
			buildConfigurations = (
				BD670C3C2B0FC494007841A0 /* Debug */,
				BD670C3D2B0FC494007841A0 /* Release */,
			);
			defaultConfigurationIsVisible = 0;
			defaultConfigurationName = Release;
		};
		BD670C3E2B0FC494007841A0 /* Build configuration list for PBXNativeTarget "ExamenCOVIDTests" */ = {
			isa = XCConfigurationList;
			buildConfigurations = (
				BD670C3F2B0FC494007841A0 /* Debug */,
				BD670C402B0FC494007841A0 /* Release */,
			);
			defaultConfigurationIsVisible = 0;
			defaultConfigurationName = Release;
		};
		BD670C412B0FC494007841A0 /* Build configuration list for PBXNativeTarget "ExamenCOVIDUITests" */ = {
			isa = XCConfigurationList;
			buildConfigurations = (
				BD670C422B0FC494007841A0 /* Debug */,
				BD670C432B0FC494007841A0 /* Release */,
			);
			defaultConfigurationIsVisible = 0;
			defaultConfigurationName = Release;
		};
/* End XCConfigurationList section */
	};
	rootObject = BD670C0F2B0FC48E007841A0 /* Project object */;
}
